
Microsoft Visual Studio Solution File, Format Version 12.00
Project("{FAE04EC0-301F-11D3-BF4B-00C04F79EFBC}") = "Synthesis", "Synthesis\Synthesis.csproj", "{B29F831B-DC5A-406A-887E-FC27C67A3F7C}"
EndProject
Project("{FAE04EC0-301F-11D3-BF4B-00C04F79EFBC}") = "Synthesis.Editor", "Synthesis.Editor\Synthesis.Editor.csproj", "{3504E1CE-EF33-47A9-8B98-2D1D61C8D377}"
EndProject
Global
	GlobalSection(SolutionConfigurationPlatforms) = preSolution
		Debug|Any CPU = Debug|Any CPU
		Release|Any CPU = Release|Any CPU
	EndGlobalSection
	GlobalSection(ProjectConfigurationPlatforms) = postSolution
		{C2C7483F-0DB8-4014-B744-EA399E7BA864}.Debug|Any CPU.ActiveCfg = Debug|Any CPU
		{C2C7483F-0DB8-4014-B744-EA399E7BA864}.Debug|Any CPU.Build.0 = Debug|Any CPU
		{C2C7483F-0DB8-4014-B744-EA399E7BA864}.Release|Any CPU.ActiveCfg = Release|Any CPU
		{C2C7483F-0DB8-4014-B744-EA399E7BA864}.Release|Any CPU.Build.0 = Release|Any CPU
		{3504E1CE-EF33-47A9-8B98-2D1D61C8D377}.Debug|Any CPU.ActiveCfg = Debug|Any CPU
		{3504E1CE-EF33-47A9-8B98-2D1D61C8D377}.Debug|Any CPU.Build.0 = Debug|Any CPU
		{3504E1CE-EF33-47A9-8B98-2D1D61C8D377}.Release|Any CPU.ActiveCfg = Release|Any CPU
		{3504E1CE-EF33-47A9-8B98-2D1D61C8D377}.Release|Any CPU.Build.0 = Release|Any CPU
		{B29F831B-DC5A-406A-887E-FC27C67A3F7C}.Debug|Any CPU.ActiveCfg = Debug|Any CPU
		{B29F831B-DC5A-406A-887E-FC27C67A3F7C}.Debug|Any CPU.Build.0 = Debug|Any CPU
		{B29F831B-DC5A-406A-887E-FC27C67A3F7C}.Release|Any CPU.ActiveCfg = Release|Any CPU
		{B29F831B-DC5A-406A-887E-FC27C67A3F7C}.Release|Any CPU.Build.0 = Release|Any CPU
	EndGlobalSection
EndGlobal
